
Microsoft Visual Studio Solution File, Format Version 12.00
# Visual Studio Version 17
VisualStudioVersion = 17.8.34330.188
MinimumVisualStudioVersion = 10.0.40219.1
Project("{2150E333-8FDC-42A3-9474-1A3956D46DE8}") = "common", "common", "{98C61478-44B0-4A55-A735-0BC13CA54212}"
EndProject
Project("{2150E333-8FDC-42A3-9474-1A3956D46DE8}") = "services", "services", "{37E15B0B-E56E-4E11-94F2-21C4193E2CB0}"
EndProject
Project("{2150E333-8FDC-42A3-9474-1A3956D46DE8}") = "tests", "tests", "{746AEB20-3478-477C-8E79-F9E88360356B}"
EndProject
Project("{2150E333-8FDC-42A3-9474-1A3956D46DE8}") = "unit-tests", "unit-tests", "{CE23B6E9-5BA3-4027-9BE4-4FF5A03C15BF}"
EndProject
Project("{2150E333-8FDC-42A3-9474-1A3956D46DE8}") = "end-2-end-tests", "end-2-end-tests", "{5AA3E09D-7291-47A7-8584-854EF377145C}"
EndProject
Project("{9A19103F-16F7-4668-BE54-9A1E7A4F7556}") = "Myb.UserManager", "src\services\user-manager\Myb.UserManager\Myb.UserManager.csproj", "{B219F962-51FE-4BC8-8CC7-C438151191DD}"
EndProject
Project("{2150E333-8FDC-42A3-9474-1A3956D46DE8}") = "user-manager", "user-manager", "{DAD554DD-99A4-4597-9775-033EB5EFB2FA}"
EndProject
Project("{9A19103F-16F7-4668-BE54-9A1E7A4F7556}") = "Myb.UserManager.Infra", "src\services\user-manager\Myb.UserManager.Infra\Myb.UserManager.Infra.csproj", "{A723FB74-A0B7-4A93-A278-78EAFE0315DE}"
EndProject
Project("{9A19103F-16F7-4668-BE54-9A1E7A4F7556}") = "Myb.UserManager.Models", "src\services\user-manager\Myb.UserManager.Models\Myb.UserManager.Models.csproj", "{9A2E1DD5-18AF-40B8-90E0-CDAFF091F193}"
EndProject
Project("{9A19103F-16F7-4668-BE54-9A1E7A4F7556}") = "Myb.UserManager.Sevices", "src\services\user-manager\Myb.UserManager.Sevices\Myb.UserManager.Sevices.csproj", "{6F9CFAB1-AFD8-4CC8-9D07-D2FBD5F3EFE0}"
EndProject
Project("{9A19103F-16F7-4668-BE54-9A1E7A4F7556}") = "Myb.UserManager.E2e.Tests", "src\tests\end-2-end-tests\Myb.UserManager.E2e.Tests\Myb.UserManager.E2e.Tests.csproj", "{2AD08088-5061-4832-A118-E34A578123C9}"
EndProject
Project("{9A19103F-16F7-4668-BE54-9A1E7A4F7556}") = "Myb.UserManager.Tests", "src\tests\unit-tests\user-manager\Myb.UserManager.Tests\Myb.UserManager.Tests.csproj", "{9424DE50-5952-4AA9-8848-CCE77EC81E11}"
EndProject
Project("{2150E333-8FDC-42A3-9474-1A3956D46DE8}") = "user-manager", "user-manager", "{397B529E-5E18-4CD5-80AD-BA0DF243ADE4}"
EndProject
Project("{9A19103F-16F7-4668-BE54-9A1E7A4F7556}") = "Myb.UserManager.Data.Tests", "src\tests\unit-tests\user-manager\Myb.UserManager.Data.Tests\Myb.UserManager.Data.Tests.csproj", "{6221A9C6-6CDA-42E5-83D4-C79AE95A9A66}"
EndProject
Project("{9A19103F-16F7-4668-BE54-9A1E7A4F7556}") = "Myb.UserManager.Infra.Tests", "src\tests\unit-tests\user-manager\Myb.UserManager.Infra.Tests\Myb.UserManager.Infra.Tests.csproj", "{3DC8AD9E-491F-4E36-975E-125A1A307141}"
EndProject
Project("{9A19103F-16F7-4668-BE54-9A1E7A4F7556}") = "Myb.UserManager.Models.Tests", "src\tests\unit-tests\user-manager\Myb.UserManager.Models.Tests\Myb.UserManager.Models.Tests.csproj", "{AD37796B-27A8-4306-ACE1-DBD332D3C7ED}"
EndProject
Project("{9A19103F-16F7-4668-BE54-9A1E7A4F7556}") = "Myb.UserManager.Sevices.Tests", "src\tests\unit-tests\user-manager\Myb.UserManager.Sevices.Tests\Myb.UserManager.Sevices.Tests.csproj", "{E5CDB1A8-6444-42C4-9F78-2C563EFDDE8E}"
EndProject
Project("{E53339B2-1760-4266-BCC7-CA923CBCF16C}") = "docker-compose", "docker-compose.dcproj", "{C1651E56-3CE5-4850-BE64-D30CB044990E}"
EndProject
Project("{9A19103F-16F7-4668-BE54-9A1E7A4F7556}") = "Myb.Common.GraphQL.Infra", "src\common\Myb.Common.GraphQL.Infra\Myb.Common.GraphQL.Infra.csproj", "{A636A15A-1DD7-4FC3-8B25-5ADA9073D38F}"
EndProject
Project("{9A19103F-16F7-4668-BE54-9A1E7A4F7556}") = "Myb.Common.Models", "src\common\Myb.Common.Models\Myb.Common.Models.csproj", "{5D6EAC92-FDC5-4D7A-9D65-31EA990CD7B5}"
EndProject
Project("{9A19103F-16F7-4668-BE54-9A1E7A4F7556}") = "Myb.Common.Repositories", "src\common\Myb.Common.Repositories\Myb.Common.Repositories.csproj", "{59BBD0C0-E765-4357-91FA-841FD7255B63}"
EndProject
Project("{9A19103F-16F7-4668-BE54-9A1E7A4F7556}") = "Myb.Common.Utils", "src\common\Myb.Common.Utils\Myb.Common.Utils.csproj", "{B9573A65-2D88-4828-AED4-3C3CB8A09725}"
EndProject
Project("{9A19103F-16F7-4668-BE54-9A1E7A4F7556}") = "Myb.Common.Authentification", "src\common\Myb.Common.Authentification\Myb.Common.Authentification.csproj", "{8D509E04-FDC3-45C6-83B0-F776FC68C5AA}"
EndProject
Project("{9A19103F-16F7-4668-BE54-9A1E7A4F7556}") = "Myb.common.IdentityProvider", "src\common\Myb.common.IdentityProvider\Myb.common.IdentityProvider.csproj", "{EDE04FC8-8A17-4D29-9532-198EFB952FE9}"
EndProject
Project("{9A19103F-16F7-4668-BE54-9A1E7A4F7556}") = "Myb.UserManager.EntityFrameWork.Infra", "src\services\user-manager\Myb.UserManager.EntityFrameWork.Infra\Myb.UserManager.EntityFrameWork.Infra.csproj", "{3558C181-2087-4BF1-BEC4-90C851ABD969}"
EndProject
Project("{9A19103F-16F7-4668-BE54-9A1E7A4F7556}") = "Myb.UserManager.Client", "src\services\user-manager\Myb.UserManager.Client\Myb.UserManager.Client.csproj", "{EA37F3E9-D907-4B2D-B913-8FFA027D5A66}"
EndProject
Project("{2150E333-8FDC-42A3-9474-1A3956D46DE8}") = "time-sheet", "time-sheet", "{6143CEB1-A0AA-4832-850D-E3654B47FCF8}"
EndProject
Project("{9A19103F-16F7-4668-BE54-9A1E7A4F7556}") = "Myb.Timesheet", "src\services\time-sheet\Myb.Timesheet\Myb.Timesheet.csproj", "{0F4D0B66-7063-4E70-A388-58FC56E0855F}"
EndProject
Project("{9A19103F-16F7-4668-BE54-9A1E7A4F7556}") = "Myb.Timesheet.Services", "src\services\time-sheet\Myb.Timesheet.Services\Myb.Timesheet.Services.csproj", "{451BBEA8-F752-4D83-A639-61E416C931E6}"
EndProject
Project("{9A19103F-16F7-4668-BE54-9A1E7A4F7556}") = "Myb.Timesheet.Models", "src\services\time-sheet\Myb.Timesheet.Models\Myb.Timesheet.Models.csproj", "{AAB94E1B-1A56-482F-8CDA-ACDF5DAAE8D9}"
EndProject
Project("{9A19103F-16F7-4668-BE54-9A1E7A4F7556}") = "Myb.Timesheet.Infra", "src\services\time-sheet\Myb.Timesheet.Infra\Myb.Timesheet.Infra.csproj", "{36597B46-3AB9-43F7-8E6F-F9DA4BCE2EB9}"
EndProject
Project("{9A19103F-16F7-4668-BE54-9A1E7A4F7556}") = "Myb.Timesheet.EntityFrameWork.Infra", "src\services\time-sheet\Myb.Timesheet.EntityFrameWork.Infra\Myb.Timesheet.EntityFrameWork.Infra.csproj", "{6DA7D137-CE7E-4CE0-A60C-E59AC57105D0}"
EndProject
Project("{2150E333-8FDC-42A3-9474-1A3956D46DE8}") = "document-management", "document-management", "{B2BA43CE-B2E9-4758-BF9F-99115F28257F}"
EndProject
Project("{9A19103F-16F7-4668-BE54-9A1E7A4F7556}") = "Myb.Document", "src\services\document-management\Myb.Document\Myb.Document.csproj", "{2EEBEEAF-79A9-4865-ADB7-7C48656F411E}"
EndProject
Project("{2150E333-8FDC-42A3-9474-1A3956D46DE8}") = "invoice-management", "invoice-management", "{BDDBC706-6D31-438A-9AD6-D74E3E4D6635}"
EndProject
Project("{9A19103F-16F7-4668-BE54-9A1E7A4F7556}") = "Myb.Invoice", "src\services\invoice-management\Myb.Invoice\Myb.Invoice.csproj", "{4ABFB93E-B0FA-4762-B7D0-D087D2366E08}"
EndProject
Project("{9A19103F-16F7-4668-BE54-9A1E7A4F7556}") = "Myb.Document.Infra", "src\services\document-management\Myb.Document.Infra\Myb.Document.Infra.csproj", "{19C3C18A-C7A0-4E33-9463-6A2625D40DB4}"
EndProject
Project("{9A19103F-16F7-4668-BE54-9A1E7A4F7556}") = "Myb.Document.Services", "src\services\document-management\Myb.Document.Services\Myb.Document.Services.csproj", "{ED32068B-C1F5-4660-B400-D50EC91BE287}"
EndProject
Project("{9A19103F-16F7-4668-BE54-9A1E7A4F7556}") = "Myb.Document.EntityFrameWork.Infra", "src\services\document-management\Myb.Document.EntityFrameWork.Infra\Myb.Document.EntityFrameWork.Infra.csproj", "{B7066E29-E388-42D1-9911-3A6A7520640F}"
EndProject
Project("{FAE04EC0-301F-11D3-BF4B-00C04F79EFBC}") = "Myb.document.Model", "src\services\document-management\Myb.document.Model\Myb.document.Model.csproj", "{944D8A11-F45F-4CC0-8330-8B7875F0AD3A}"
	ProjectSection(ProjectDependencies) = postProject
		{10FCFC1D-85A5-4248-92C0-AFD6A1D20C0F} = {10FCFC1D-85A5-4248-92C0-AFD6A1D20C0F}
		{87639C12-5F9A-4A2C-BEE6-D1440DBE1310} = {87639C12-5F9A-4A2C-BEE6-D1440DBE1310}
		{B1C67AC5-7A41-4794-8CF2-54028A367252} = {B1C67AC5-7A41-4794-8CF2-54028A367252}
	EndProjectSection
EndProject
Project("{FAE04EC0-301F-11D3-BF4B-00C04F79EFBC}") = "Myb.Invoice.Client", "src\services\invoice-management\Myb.Invoice.Client\Myb.Invoice.Client.csproj", "{22F78917-A5CF-48CF-9237-6DB940015882}"
EndProject
Project("{FAE04EC0-301F-11D3-BF4B-00C04F79EFBC}") = "Myb.Invoice.EntityFrameWork.Infra", "src\services\invoice-management\Myb.Invoice.EntityFrameWork.Infra\Myb.Invoice.EntityFrameWork.Infra.csproj", "{F40A727D-6D0B-4392-9D52-710614325F12}"
EndProject
Project("{FAE04EC0-301F-11D3-BF4B-00C04F79EFBC}") = "Myb.Invoice.Infra", "src\services\invoice-management\Myb.Invoice.Infra\Myb.Invoice.Infra.csproj", "{B1C67AC5-7A41-4794-8CF2-54028A367252}"
EndProject
Project("{FAE04EC0-301F-11D3-BF4B-00C04F79EFBC}") = "Myb.Invoice.Models", "src\services\invoice-management\Myb.Invoice.Models\Myb.Invoice.Models.csproj", "{87639C12-5F9A-4A2C-BEE6-D1440DBE1310}"
EndProject
Project("{FAE04EC0-301F-11D3-BF4B-00C04F79EFBC}") = "Myb.Invoice.Services", "src\services\invoice-management\Myb.Invoice.Services\Myb.Invoice.Services.csproj", "{10FCFC1D-85A5-4248-92C0-AFD6A1D20C0F}"
EndProject
Global
	GlobalSection(SolutionConfigurationPlatforms) = preSolution
		Debug|Any CPU = Debug|Any CPU
		Release|Any CPU = Release|Any CPU
	EndGlobalSection
	GlobalSection(ProjectConfigurationPlatforms) = postSolution
		{B219F962-51FE-4BC8-8CC7-C438151191DD}.Debug|Any CPU.ActiveCfg = Debug|Any CPU
		{B219F962-51FE-4BC8-8CC7-C438151191DD}.Debug|Any CPU.Build.0 = Debug|Any CPU
		{B219F962-51FE-4BC8-8CC7-C438151191DD}.Release|Any CPU.ActiveCfg = Release|Any CPU
		{B219F962-51FE-4BC8-8CC7-C438151191DD}.Release|Any CPU.Build.0 = Release|Any CPU
		{A723FB74-A0B7-4A93-A278-78EAFE0315DE}.Debug|Any CPU.ActiveCfg = Debug|Any CPU
		{A723FB74-A0B7-4A93-A278-78EAFE0315DE}.Debug|Any CPU.Build.0 = Debug|Any CPU
		{A723FB74-A0B7-4A93-A278-78EAFE0315DE}.Release|Any CPU.ActiveCfg = Release|Any CPU
		{A723FB74-A0B7-4A93-A278-78EAFE0315DE}.Release|Any CPU.Build.0 = Release|Any CPU
		{9A2E1DD5-18AF-40B8-90E0-CDAFF091F193}.Debug|Any CPU.ActiveCfg = Debug|Any CPU
		{9A2E1DD5-18AF-40B8-90E0-CDAFF091F193}.Debug|Any CPU.Build.0 = Debug|Any CPU
		{9A2E1DD5-18AF-40B8-90E0-CDAFF091F193}.Release|Any CPU.ActiveCfg = Release|Any CPU
		{9A2E1DD5-18AF-40B8-90E0-CDAFF091F193}.Release|Any CPU.Build.0 = Release|Any CPU
		{6F9CFAB1-AFD8-4CC8-9D07-D2FBD5F3EFE0}.Debug|Any CPU.ActiveCfg = Debug|Any CPU
		{6F9CFAB1-AFD8-4CC8-9D07-D2FBD5F3EFE0}.Debug|Any CPU.Build.0 = Debug|Any CPU
		{6F9CFAB1-AFD8-4CC8-9D07-D2FBD5F3EFE0}.Release|Any CPU.ActiveCfg = Release|Any CPU
		{6F9CFAB1-AFD8-4CC8-9D07-D2FBD5F3EFE0}.Release|Any CPU.Build.0 = Release|Any CPU
		{2AD08088-5061-4832-A118-E34A578123C9}.Debug|Any CPU.ActiveCfg = Debug|Any CPU
		{2AD08088-5061-4832-A118-E34A578123C9}.Debug|Any CPU.Build.0 = Debug|Any CPU
		{2AD08088-5061-4832-A118-E34A578123C9}.Release|Any CPU.ActiveCfg = Release|Any CPU
		{2AD08088-5061-4832-A118-E34A578123C9}.Release|Any CPU.Build.0 = Release|Any CPU
		{9424DE50-5952-4AA9-8848-CCE77EC81E11}.Debug|Any CPU.ActiveCfg = Debug|Any CPU
		{9424DE50-5952-4AA9-8848-CCE77EC81E11}.Debug|Any CPU.Build.0 = Debug|Any CPU
		{9424DE50-5952-4AA9-8848-CCE77EC81E11}.Release|Any CPU.ActiveCfg = Release|Any CPU
		{9424DE50-5952-4AA9-8848-CCE77EC81E11}.Release|Any CPU.Build.0 = Release|Any CPU
		{6221A9C6-6CDA-42E5-83D4-C79AE95A9A66}.Debug|Any CPU.ActiveCfg = Debug|Any CPU
		{6221A9C6-6CDA-42E5-83D4-C79AE95A9A66}.Debug|Any CPU.Build.0 = Debug|Any CPU
		{6221A9C6-6CDA-42E5-83D4-C79AE95A9A66}.Release|Any CPU.ActiveCfg = Release|Any CPU
		{6221A9C6-6CDA-42E5-83D4-C79AE95A9A66}.Release|Any CPU.Build.0 = Release|Any CPU
		{3DC8AD9E-491F-4E36-975E-125A1A307141}.Debug|Any CPU.ActiveCfg = Debug|Any CPU
		{3DC8AD9E-491F-4E36-975E-125A1A307141}.Debug|Any CPU.Build.0 = Debug|Any CPU
		{3DC8AD9E-491F-4E36-975E-125A1A307141}.Release|Any CPU.ActiveCfg = Release|Any CPU
		{3DC8AD9E-491F-4E36-975E-125A1A307141}.Release|Any CPU.Build.0 = Release|Any CPU
		{AD37796B-27A8-4306-ACE1-DBD332D3C7ED}.Debug|Any CPU.ActiveCfg = Debug|Any CPU
		{AD37796B-27A8-4306-ACE1-DBD332D3C7ED}.Debug|Any CPU.Build.0 = Debug|Any CPU
		{AD37796B-27A8-4306-ACE1-DBD332D3C7ED}.Release|Any CPU.ActiveCfg = Release|Any CPU
		{AD37796B-27A8-4306-ACE1-DBD332D3C7ED}.Release|Any CPU.Build.0 = Release|Any CPU
		{E5CDB1A8-6444-42C4-9F78-2C563EFDDE8E}.Debug|Any CPU.ActiveCfg = Debug|Any CPU
		{E5CDB1A8-6444-42C4-9F78-2C563EFDDE8E}.Debug|Any CPU.Build.0 = Debug|Any CPU
		{E5CDB1A8-6444-42C4-9F78-2C563EFDDE8E}.Release|Any CPU.ActiveCfg = Release|Any CPU
		{E5CDB1A8-6444-42C4-9F78-2C563EFDDE8E}.Release|Any CPU.Build.0 = Release|Any CPU
		{C1651E56-3CE5-4850-BE64-D30CB044990E}.Debug|Any CPU.ActiveCfg = Debug|Any CPU
		{C1651E56-3CE5-4850-BE64-D30CB044990E}.Debug|Any CPU.Build.0 = Debug|Any CPU
		{C1651E56-3CE5-4850-BE64-D30CB044990E}.Release|Any CPU.ActiveCfg = Release|Any CPU
		{C1651E56-3CE5-4850-BE64-D30CB044990E}.Release|Any CPU.Build.0 = Release|Any CPU
		{A636A15A-1DD7-4FC3-8B25-5ADA9073D38F}.Debug|Any CPU.ActiveCfg = Debug|Any CPU
		{A636A15A-1DD7-4FC3-8B25-5ADA9073D38F}.Debug|Any CPU.Build.0 = Debug|Any CPU
		{A636A15A-1DD7-4FC3-8B25-5ADA9073D38F}.Release|Any CPU.ActiveCfg = Release|Any CPU
		{A636A15A-1DD7-4FC3-8B25-5ADA9073D38F}.Release|Any CPU.Build.0 = Release|Any CPU
		{5D6EAC92-FDC5-4D7A-9D65-31EA990CD7B5}.Debug|Any CPU.ActiveCfg = Debug|Any CPU
		{5D6EAC92-FDC5-4D7A-9D65-31EA990CD7B5}.Debug|Any CPU.Build.0 = Debug|Any CPU
		{5D6EAC92-FDC5-4D7A-9D65-31EA990CD7B5}.Release|Any CPU.ActiveCfg = Release|Any CPU
		{5D6EAC92-FDC5-4D7A-9D65-31EA990CD7B5}.Release|Any CPU.Build.0 = Release|Any CPU
		{59BBD0C0-E765-4357-91FA-841FD7255B63}.Debug|Any CPU.ActiveCfg = Debug|Any CPU
		{59BBD0C0-E765-4357-91FA-841FD7255B63}.Debug|Any CPU.Build.0 = Debug|Any CPU
		{59BBD0C0-E765-4357-91FA-841FD7255B63}.Release|Any CPU.ActiveCfg = Release|Any CPU
		{59BBD0C0-E765-4357-91FA-841FD7255B63}.Release|Any CPU.Build.0 = Release|Any CPU
		{B9573A65-2D88-4828-AED4-3C3CB8A09725}.Debug|Any CPU.ActiveCfg = Debug|Any CPU
		{B9573A65-2D88-4828-AED4-3C3CB8A09725}.Debug|Any CPU.Build.0 = Debug|Any CPU
		{B9573A65-2D88-4828-AED4-3C3CB8A09725}.Release|Any CPU.ActiveCfg = Release|Any CPU
		{B9573A65-2D88-4828-AED4-3C3CB8A09725}.Release|Any CPU.Build.0 = Release|Any CPU
		{8D509E04-FDC3-45C6-83B0-F776FC68C5AA}.Debug|Any CPU.ActiveCfg = Debug|Any CPU
		{8D509E04-FDC3-45C6-83B0-F776FC68C5AA}.Debug|Any CPU.Build.0 = Debug|Any CPU
		{8D509E04-FDC3-45C6-83B0-F776FC68C5AA}.Release|Any CPU.ActiveCfg = Release|Any CPU
		{8D509E04-FDC3-45C6-83B0-F776FC68C5AA}.Release|Any CPU.Build.0 = Release|Any CPU
		{EDE04FC8-8A17-4D29-9532-198EFB952FE9}.Debug|Any CPU.ActiveCfg = Debug|Any CPU
		{EDE04FC8-8A17-4D29-9532-198EFB952FE9}.Debug|Any CPU.Build.0 = Debug|Any CPU
		{EDE04FC8-8A17-4D29-9532-198EFB952FE9}.Release|Any CPU.ActiveCfg = Release|Any CPU
		{EDE04FC8-8A17-4D29-9532-198EFB952FE9}.Release|Any CPU.Build.0 = Release|Any CPU
		{3558C181-2087-4BF1-BEC4-90C851ABD969}.Debug|Any CPU.ActiveCfg = Debug|Any CPU
		{3558C181-2087-4BF1-BEC4-90C851ABD969}.Debug|Any CPU.Build.0 = Debug|Any CPU
		{3558C181-2087-4BF1-BEC4-90C851ABD969}.Release|Any CPU.ActiveCfg = Release|Any CPU
		{3558C181-2087-4BF1-BEC4-90C851ABD969}.Release|Any CPU.Build.0 = Release|Any CPU
		{EA37F3E9-D907-4B2D-B913-8FFA027D5A66}.Debug|Any CPU.ActiveCfg = Debug|Any CPU
		{EA37F3E9-D907-4B2D-B913-8FFA027D5A66}.Debug|Any CPU.Build.0 = Debug|Any CPU
		{EA37F3E9-D907-4B2D-B913-8FFA027D5A66}.Release|Any CPU.ActiveCfg = Release|Any CPU
		{EA37F3E9-D907-4B2D-B913-8FFA027D5A66}.Release|Any CPU.Build.0 = Release|Any CPU
		{0F4D0B66-7063-4E70-A388-58FC56E0855F}.Debug|Any CPU.ActiveCfg = Debug|Any CPU
		{0F4D0B66-7063-4E70-A388-58FC56E0855F}.Debug|Any CPU.Build.0 = Debug|Any CPU
		{0F4D0B66-7063-4E70-A388-58FC56E0855F}.Release|Any CPU.ActiveCfg = Release|Any CPU
		{0F4D0B66-7063-4E70-A388-58FC56E0855F}.Release|Any CPU.Build.0 = Release|Any CPU
		{451BBEA8-F752-4D83-A639-61E416C931E6}.Debug|Any CPU.ActiveCfg = Debug|Any CPU
		{451BBEA8-F752-4D83-A639-61E416C931E6}.Debug|Any CPU.Build.0 = Debug|Any CPU
		{451BBEA8-F752-4D83-A639-61E416C931E6}.Release|Any CPU.ActiveCfg = Release|Any CPU
		{451BBEA8-F752-4D83-A639-61E416C931E6}.Release|Any CPU.Build.0 = Release|Any CPU
		{AAB94E1B-1A56-482F-8CDA-ACDF5DAAE8D9}.Debug|Any CPU.ActiveCfg = Debug|Any CPU
		{AAB94E1B-1A56-482F-8CDA-ACDF5DAAE8D9}.Debug|Any CPU.Build.0 = Debug|Any CPU
		{AAB94E1B-1A56-482F-8CDA-ACDF5DAAE8D9}.Release|Any CPU.ActiveCfg = Release|Any CPU
		{AAB94E1B-1A56-482F-8CDA-ACDF5DAAE8D9}.Release|Any CPU.Build.0 = Release|Any CPU
		{36597B46-3AB9-43F7-8E6F-F9DA4BCE2EB9}.Debug|Any CPU.ActiveCfg = Debug|Any CPU
		{36597B46-3AB9-43F7-8E6F-F9DA4BCE2EB9}.Debug|Any CPU.Build.0 = Debug|Any CPU
		{36597B46-3AB9-43F7-8E6F-F9DA4BCE2EB9}.Release|Any CPU.ActiveCfg = Release|Any CPU
		{36597B46-3AB9-43F7-8E6F-F9DA4BCE2EB9}.Release|Any CPU.Build.0 = Release|Any CPU
		{6DA7D137-CE7E-4CE0-A60C-E59AC57105D0}.Debug|Any CPU.ActiveCfg = Debug|Any CPU
		{6DA7D137-CE7E-4CE0-A60C-E59AC57105D0}.Debug|Any CPU.Build.0 = Debug|Any CPU
		{6DA7D137-CE7E-4CE0-A60C-E59AC57105D0}.Release|Any CPU.ActiveCfg = Release|Any CPU
		{6DA7D137-CE7E-4CE0-A60C-E59AC57105D0}.Release|Any CPU.Build.0 = Release|Any CPU
		{2EEBEEAF-79A9-4865-ADB7-7C48656F411E}.Debug|Any CPU.ActiveCfg = Debug|Any CPU
		{2EEBEEAF-79A9-4865-ADB7-7C48656F411E}.Debug|Any CPU.Build.0 = Debug|Any CPU
		{2EEBEEAF-79A9-4865-ADB7-7C48656F411E}.Release|Any CPU.ActiveCfg = Release|Any CPU
		{2EEBEEAF-79A9-4865-ADB7-7C48656F411E}.Release|Any CPU.Build.0 = Release|Any CPU
		{4ABFB93E-B0FA-4762-B7D0-D087D2366E08}.Debug|Any CPU.ActiveCfg = Debug|Any CPU
		{4ABFB93E-B0FA-4762-B7D0-D087D2366E08}.Debug|Any CPU.Build.0 = Debug|Any CPU
		{4ABFB93E-B0FA-4762-B7D0-D087D2366E08}.Release|Any CPU.ActiveCfg = Release|Any CPU
		{4ABFB93E-B0FA-4762-B7D0-D087D2366E08}.Release|Any CPU.Build.0 = Release|Any CPU
		{19C3C18A-C7A0-4E33-9463-6A2625D40DB4}.Debug|Any CPU.ActiveCfg = Debug|Any CPU
		{19C3C18A-C7A0-4E33-9463-6A2625D40DB4}.Debug|Any CPU.Build.0 = Debug|Any CPU
		{19C3C18A-C7A0-4E33-9463-6A2625D40DB4}.Release|Any CPU.ActiveCfg = Release|Any CPU
		{19C3C18A-C7A0-4E33-9463-6A2625D40DB4}.Release|Any CPU.Build.0 = Release|Any CPU
		{ED32068B-C1F5-4660-B400-D50EC91BE287}.Debug|Any CPU.ActiveCfg = Debug|Any CPU
		{ED32068B-C1F5-4660-B400-D50EC91BE287}.Debug|Any CPU.Build.0 = Debug|Any CPU
		{ED32068B-C1F5-4660-B400-D50EC91BE287}.Release|Any CPU.ActiveCfg = Release|Any CPU
		{ED32068B-C1F5-4660-B400-D50EC91BE287}.Release|Any CPU.Build.0 = Release|Any CPU
		{B7066E29-E388-42D1-9911-3A6A7520640F}.Debug|Any CPU.ActiveCfg = Debug|Any CPU
		{B7066E29-E388-42D1-9911-3A6A7520640F}.Debug|Any CPU.Build.0 = Debug|Any CPU
		{B7066E29-E388-42D1-9911-3A6A7520640F}.Release|Any CPU.ActiveCfg = Release|Any CPU
		{B7066E29-E388-42D1-9911-3A6A7520640F}.Release|Any CPU.Build.0 = Release|Any CPU
		{944D8A11-F45F-4CC0-8330-8B7875F0AD3A}.Debug|Any CPU.ActiveCfg = Debug|Any CPU
		{944D8A11-F45F-4CC0-8330-8B7875F0AD3A}.Debug|Any CPU.Build.0 = Debug|Any CPU
		{944D8A11-F45F-4CC0-8330-8B7875F0AD3A}.Release|Any CPU.ActiveCfg = Release|Any CPU
		{944D8A11-F45F-4CC0-8330-8B7875F0AD3A}.Release|Any CPU.Build.0 = Release|Any CPU
		{22F78917-A5CF-48CF-9237-6DB940015882}.Debug|Any CPU.ActiveCfg = Debug|Any CPU
		{22F78917-A5CF-48CF-9237-6DB940015882}.Debug|Any CPU.Build.0 = Debug|Any CPU
		{22F78917-A5CF-48CF-9237-6DB940015882}.Release|Any CPU.ActiveCfg = Release|Any CPU
		{22F78917-A5CF-48CF-9237-6DB940015882}.Release|Any CPU.Build.0 = Release|Any CPU
		{F40A727D-6D0B-4392-9D52-710614325F12}.Debug|Any CPU.ActiveCfg = Debug|Any CPU
		{F40A727D-6D0B-4392-9D52-710614325F12}.Debug|Any CPU.Build.0 = Debug|Any CPU
		{F40A727D-6D0B-4392-9D52-710614325F12}.Release|Any CPU.ActiveCfg = Release|Any CPU
		{F40A727D-6D0B-4392-9D52-710614325F12}.Release|Any CPU.Build.0 = Release|Any CPU
		{B1C67AC5-7A41-4794-8CF2-54028A367252}.Debug|Any CPU.ActiveCfg = Debug|Any CPU
		{B1C67AC5-7A41-4794-8CF2-54028A367252}.Debug|Any CPU.Build.0 = Debug|Any CPU
		{B1C67AC5-7A41-4794-8CF2-54028A367252}.Release|Any CPU.ActiveCfg = Release|Any CPU
		{B1C67AC5-7A41-4794-8CF2-54028A367252}.Release|Any CPU.Build.0 = Release|Any CPU
		{87639C12-5F9A-4A2C-BEE6-D1440DBE1310}.Debug|Any CPU.ActiveCfg = Debug|Any CPU
		{87639C12-5F9A-4A2C-BEE6-D1440DBE1310}.Debug|Any CPU.Build.0 = Debug|Any CPU
		{87639C12-5F9A-4A2C-BEE6-D1440DBE1310}.Release|Any CPU.ActiveCfg = Release|Any CPU
		{87639C12-5F9A-4A2C-BEE6-D1440DBE1310}.Release|Any CPU.Build.0 = Release|Any CPU
		{10FCFC1D-85A5-4248-92C0-AFD6A1D20C0F}.Debug|Any CPU.ActiveCfg = Debug|Any CPU
		{10FCFC1D-85A5-4248-92C0-AFD6A1D20C0F}.Debug|Any CPU.Build.0 = Debug|Any CPU
		{10FCFC1D-85A5-4248-92C0-AFD6A1D20C0F}.Release|Any CPU.ActiveCfg = Release|Any CPU
		{10FCFC1D-85A5-4248-92C0-AFD6A1D20C0F}.Release|Any CPU.Build.0 = Release|Any CPU
	EndGlobalSection
	GlobalSection(SolutionProperties) = preSolution
		HideSolutionNode = FALSE
	EndGlobalSection
	GlobalSection(NestedProjects) = preSolution
		{CE23B6E9-5BA3-4027-9BE4-4FF5A03C15BF} = {746AEB20-3478-477C-8E79-F9E88360356B}
		{5AA3E09D-7291-47A7-8584-854EF377145C} = {746AEB20-3478-477C-8E79-F9E88360356B}
		{B219F962-51FE-4BC8-8CC7-C438151191DD} = {DAD554DD-99A4-4597-9775-033EB5EFB2FA}
		{DAD554DD-99A4-4597-9775-033EB5EFB2FA} = {37E15B0B-E56E-4E11-94F2-21C4193E2CB0}
		{A723FB74-A0B7-4A93-A278-78EAFE0315DE} = {DAD554DD-99A4-4597-9775-033EB5EFB2FA}
		{9A2E1DD5-18AF-40B8-90E0-CDAFF091F193} = {DAD554DD-99A4-4597-9775-033EB5EFB2FA}
		{6F9CFAB1-AFD8-4CC8-9D07-D2FBD5F3EFE0} = {DAD554DD-99A4-4597-9775-033EB5EFB2FA}
		{2AD08088-5061-4832-A118-E34A578123C9} = {5AA3E09D-7291-47A7-8584-854EF377145C}
		{9424DE50-5952-4AA9-8848-CCE77EC81E11} = {397B529E-5E18-4CD5-80AD-BA0DF243ADE4}
		{397B529E-5E18-4CD5-80AD-BA0DF243ADE4} = {CE23B6E9-5BA3-4027-9BE4-4FF5A03C15BF}
		{6221A9C6-6CDA-42E5-83D4-C79AE95A9A66} = {397B529E-5E18-4CD5-80AD-BA0DF243ADE4}
		{3DC8AD9E-491F-4E36-975E-125A1A307141} = {397B529E-5E18-4CD5-80AD-BA0DF243ADE4}
		{AD37796B-27A8-4306-ACE1-DBD332D3C7ED} = {397B529E-5E18-4CD5-80AD-BA0DF243ADE4}
		{E5CDB1A8-6444-42C4-9F78-2C563EFDDE8E} = {397B529E-5E18-4CD5-80AD-BA0DF243ADE4}
		{A636A15A-1DD7-4FC3-8B25-5ADA9073D38F} = {98C61478-44B0-4A55-A735-0BC13CA54212}
		{5D6EAC92-FDC5-4D7A-9D65-31EA990CD7B5} = {98C61478-44B0-4A55-A735-0BC13CA54212}
		{59BBD0C0-E765-4357-91FA-841FD7255B63} = {98C61478-44B0-4A55-A735-0BC13CA54212}
		{B9573A65-2D88-4828-AED4-3C3CB8A09725} = {98C61478-44B0-4A55-A735-0BC13CA54212}
		{8D509E04-FDC3-45C6-83B0-F776FC68C5AA} = {98C61478-44B0-4A55-A735-0BC13CA54212}
		{EDE04FC8-8A17-4D29-9532-198EFB952FE9} = {98C61478-44B0-4A55-A735-0BC13CA54212}
		{3558C181-2087-4BF1-BEC4-90C851ABD969} = {DAD554DD-99A4-4597-9775-033EB5EFB2FA}
		{EA37F3E9-D907-4B2D-B913-8FFA027D5A66} = {DAD554DD-99A4-4597-9775-033EB5EFB2FA}
		{6143CEB1-A0AA-4832-850D-E3654B47FCF8} = {37E15B0B-E56E-4E11-94F2-21C4193E2CB0}
		{0F4D0B66-7063-4E70-A388-58FC56E0855F} = {6143CEB1-A0AA-4832-850D-E3654B47FCF8}
		{451BBEA8-F752-4D83-A639-61E416C931E6} = {6143CEB1-A0AA-4832-850D-E3654B47FCF8}
		{AAB94E1B-1A56-482F-8CDA-ACDF5DAAE8D9} = {6143CEB1-A0AA-4832-850D-E3654B47FCF8}
		{36597B46-3AB9-43F7-8E6F-F9DA4BCE2EB9} = {6143CEB1-A0AA-4832-850D-E3654B47FCF8}
		{6DA7D137-CE7E-4CE0-A60C-E59AC57105D0} = {6143CEB1-A0AA-4832-850D-E3654B47FCF8}
		{B2BA43CE-B2E9-4758-BF9F-99115F28257F} = {37E15B0B-E56E-4E11-94F2-21C4193E2CB0}
		{2EEBEEAF-79A9-4865-ADB7-7C48656F411E} = {B2BA43CE-B2E9-4758-BF9F-99115F28257F}
		{BDDBC706-6D31-438A-9AD6-D74E3E4D6635} = {37E15B0B-E56E-4E11-94F2-21C4193E2CB0}
		{4ABFB93E-B0FA-4762-B7D0-D087D2366E08} = {BDDBC706-6D31-438A-9AD6-D74E3E4D6635}
		{19C3C18A-C7A0-4E33-9463-6A2625D40DB4} = {B2BA43CE-B2E9-4758-BF9F-99115F28257F}
		{ED32068B-C1F5-4660-B400-D50EC91BE287} = {B2BA43CE-B2E9-4758-BF9F-99115F28257F}
		{B7066E29-E388-42D1-9911-3A6A7520640F} = {B2BA43CE-B2E9-4758-BF9F-99115F28257F}
		{944D8A11-F45F-4CC0-8330-8B7875F0AD3A} = {B2BA43CE-B2E9-4758-BF9F-99115F28257F}
		{22F78917-A5CF-48CF-9237-6DB940015882} = {BDDBC706-6D31-438A-9AD6-D74E3E4D6635}
		{F40A727D-6D0B-4392-9D52-710614325F12} = {BDDBC706-6D31-438A-9AD6-D74E3E4D6635}
		{B1C67AC5-7A41-4794-8CF2-54028A367252} = {BDDBC706-6D31-438A-9AD6-D74E3E4D6635}
		{87639C12-5F9A-4A2C-BEE6-D1440DBE1310} = {BDDBC706-6D31-438A-9AD6-D74E3E4D6635}
		{10FCFC1D-85A5-4248-92C0-AFD6A1D20C0F} = {BDDBC706-6D31-438A-9AD6-D74E3E4D6635}
	EndGlobalSection
	GlobalSection(ExtensibilityGlobals) = postSolution
		SolutionGuid = {34C7383E-9796-48B2-8928-9E1E96C528F0}
	EndGlobalSection
EndGlobal
